
Microsoft Visual Studio Solution File, Format Version 12.00
# Visual Studio 15
VisualStudioVersion = 15.0.28010.2016
MinimumVisualStudioVersion = 10.0.40219.1
Project("{FAE04EC0-301F-11D3-BF4B-00C04F79EFBC}") = "Gighub", "Gighub\Gighub.csproj", "{3422120A-E1A2-4323-A497-677EDBF5E44A}"
EndProject
Global
	GlobalSection(SolutionConfigurationPlatforms) = preSolution
		Debug|Any CPU = Debug|Any CPU
		Release|Any CPU = Release|Any CPU
	EndGlobalSection
	GlobalSection(ProjectConfigurationPlatforms) = postSolution
		{3422120A-E1A2-4323-A497-677EDBF5E44A}.Debug|Any CPU.ActiveCfg = Debug|Any CPU
		{3422120A-E1A2-4323-A497-677EDBF5E44A}.Debug|Any CPU.Build.0 = Debug|Any CPU
		{3422120A-E1A2-4323-A497-677EDBF5E44A}.Release|Any CPU.ActiveCfg = Release|Any CPU
		{3422120A-E1A2-4323-A497-677EDBF5E44A}.Release|Any CPU.Build.0 = Release|Any CPU
	EndGlobalSection
	GlobalSection(SolutionProperties) = preSolution
		HideSolutionNode = FALSE
	EndGlobalSection
	GlobalSection(ExtensibilityGlobals) = postSolution
		SolutionGuid = {3AFD863F-BCB2-4331-9DBB-AEE13752A6A8}
	EndGlobalSection
EndGlobal
